
Microsoft Visual Studio Solution File, Format Version 12.00
# Visual Studio Version 17
VisualStudioVersion = 17.1.32210.238
MinimumVisualStudioVersion = 10.0.40219.1
Project("{9A19103F-16F7-4668-BE54-9A1E7A4F7556}") = "Task_1", "Task_1\Task_1.csproj", "{670107D7-140B-4EC2-B8B9-1E042A99FF48}"
EndProject
Project("{FAE04EC0-301F-11D3-BF4B-00C04F79EFBC}") = "Task_1_test", "Task_1_test\Task_1_test.csproj", "{20E7B672-A008-4EE4-AA5C-CAB78AA88C09}"
EndProject
Global
	GlobalSection(SolutionConfigurationPlatforms) = preSolution
		Debug|Any CPU = Debug|Any CPU
		Release|Any CPU = Release|Any CPU
	EndGlobalSection
	GlobalSection(ProjectConfigurationPlatforms) = postSolution
		{670107D7-140B-4EC2-B8B9-1E042A99FF48}.Debug|Any CPU.ActiveCfg = Debug|Any CPU
		{670107D7-140B-4EC2-B8B9-1E042A99FF48}.Debug|Any CPU.Build.0 = Debug|Any CPU
		{670107D7-140B-4EC2-B8B9-1E042A99FF48}.Release|Any CPU.ActiveCfg = Release|Any CPU
		{670107D7-140B-4EC2-B8B9-1E042A99FF48}.Release|Any CPU.Build.0 = Release|Any CPU
		{20E7B672-A008-4EE4-AA5C-CAB78AA88C09}.Debug|Any CPU.ActiveCfg = Debug|Any CPU
		{20E7B672-A008-4EE4-AA5C-CAB78AA88C09}.Debug|Any CPU.Build.0 = Debug|Any CPU
		{20E7B672-A008-4EE4-AA5C-CAB78AA88C09}.Release|Any CPU.ActiveCfg = Release|Any CPU
		{20E7B672-A008-4EE4-AA5C-CAB78AA88C09}.Release|Any CPU.Build.0 = Release|Any CPU
	EndGlobalSection
	GlobalSection(SolutionProperties) = preSolution
		HideSolutionNode = FALSE
	EndGlobalSection
	GlobalSection(ExtensibilityGlobals) = postSolution
		SolutionGuid = {95E5F877-A473-4A0F-B8D0-3B5F091E5F42}
	EndGlobalSection
EndGlobal
