
Microsoft Visual Studio Solution File, Format Version 12.00
# Visual Studio Version 17
VisualStudioVersion = 17.1.32210.238
MinimumVisualStudioVersion = 10.0.40219.1
Project("{9A19103F-16F7-4668-BE54-9A1E7A4F7556}") = "Task_1", "Task_1\Task_1.csproj", "{9557CE73-A25B-48C9-8D28-BAA693D8B497}"
EndProject
Project("{FAE04EC0-301F-11D3-BF4B-00C04F79EFBC}") = "Task_1_test", "Task_1_test\Task_1_test.csproj", "{79F8743D-BCCA-4346-8008-2143CA3AE9FD}"
EndProject
Global
	GlobalSection(SolutionConfigurationPlatforms) = preSolution
		Debug|Any CPU = Debug|Any CPU
		Release|Any CPU = Release|Any CPU
	EndGlobalSection
	GlobalSection(ProjectConfigurationPlatforms) = postSolution
		{9557CE73-A25B-48C9-8D28-BAA693D8B497}.Debug|Any CPU.ActiveCfg = Debug|Any CPU
		{9557CE73-A25B-48C9-8D28-BAA693D8B497}.Debug|Any CPU.Build.0 = Debug|Any CPU
		{9557CE73-A25B-48C9-8D28-BAA693D8B497}.Release|Any CPU.ActiveCfg = Release|Any CPU
		{9557CE73-A25B-48C9-8D28-BAA693D8B497}.Release|Any CPU.Build.0 = Release|Any CPU
		{79F8743D-BCCA-4346-8008-2143CA3AE9FD}.Debug|Any CPU.ActiveCfg = Debug|Any CPU
		{79F8743D-BCCA-4346-8008-2143CA3AE9FD}.Debug|Any CPU.Build.0 = Debug|Any CPU
		{79F8743D-BCCA-4346-8008-2143CA3AE9FD}.Release|Any CPU.ActiveCfg = Release|Any CPU
		{79F8743D-BCCA-4346-8008-2143CA3AE9FD}.Release|Any CPU.Build.0 = Release|Any CPU
	EndGlobalSection
	GlobalSection(SolutionProperties) = preSolution
		HideSolutionNode = FALSE
	EndGlobalSection
	GlobalSection(ExtensibilityGlobals) = postSolution
		SolutionGuid = {1559C438-0132-4EBA-BDF5-0C25C4E6BAD7}
	EndGlobalSection
EndGlobal
